
Microsoft Visual Studio Solution File, Format Version 12.00
# Visual Studio Version 17
VisualStudioVersion = 17.3.32929.385
MinimumVisualStudioVersion = 10.0.40219.1
Project("{9A19103F-16F7-4668-BE54-9A1E7A4F7556}") = "prism_trust_foundation", "prism_trust_foundation\prism_trust_foundation.csproj", "{BCEB37FA-8C5B-444A-875C-255CE22A8EA2}"
EndProject
Global
	GlobalSection(SolutionConfigurationPlatforms) = preSolution
		Debug|Any CPU = Debug|Any CPU
		Release|Any CPU = Release|Any CPU
	EndGlobalSection
	GlobalSection(ProjectConfigurationPlatforms) = postSolution
		{BCEB37FA-8C5B-444A-875C-255CE22A8EA2}.Debug|Any CPU.ActiveCfg = Debug|Any CPU
		{BCEB37FA-8C5B-444A-875C-255CE22A8EA2}.Debug|Any CPU.Build.0 = Debug|Any CPU
		{BCEB37FA-8C5B-444A-875C-255CE22A8EA2}.Release|Any CPU.ActiveCfg = Release|Any CPU
		{BCEB37FA-8C5B-444A-875C-255CE22A8EA2}.Release|Any CPU.Build.0 = Release|Any CPU
	EndGlobalSection
	GlobalSection(SolutionProperties) = preSolution
		HideSolutionNode = FALSE
	EndGlobalSection
	GlobalSection(ExtensibilityGlobals) = postSolution
		SolutionGuid = {FC276789-F161-4AAE-A2BE-7D70A1A4EB98}
	EndGlobalSection
EndGlobal
